
Microsoft Visual Studio Solution File, Format Version 12.00
# Visual Studio 15
VisualStudioVersion = 15.0.28307.329
MinimumVisualStudioVersion = 10.0.40219.1
Project("{FAE04EC0-301F-11D3-BF4B-00C04F79EFBC}") = "task 4", "task 4\task 4.csproj", "{A494F904-DF51-4259-82ED-A87533771D23}"
EndProject
Global
	GlobalSection(SolutionConfigurationPlatforms) = preSolution
		Debug|Any CPU = Debug|Any CPU
		Release|Any CPU = Release|Any CPU
	EndGlobalSection
	GlobalSection(ProjectConfigurationPlatforms) = postSolution
		{A494F904-DF51-4259-82ED-A87533771D23}.Debug|Any CPU.ActiveCfg = Debug|Any CPU
		{A494F904-DF51-4259-82ED-A87533771D23}.Debug|Any CPU.Build.0 = Debug|Any CPU
		{A494F904-DF51-4259-82ED-A87533771D23}.Release|Any CPU.ActiveCfg = Release|Any CPU
		{A494F904-DF51-4259-82ED-A87533771D23}.Release|Any CPU.Build.0 = Release|Any CPU
	EndGlobalSection
	GlobalSection(SolutionProperties) = preSolution
		HideSolutionNode = FALSE
	EndGlobalSection
	GlobalSection(ExtensibilityGlobals) = postSolution
		SolutionGuid = {5857CADA-5C1C-4FA8-AC3F-BC6F3AE4B2F5}
	EndGlobalSection
EndGlobal
